
Microsoft Visual Studio Solution File, Format Version 12.00
# Visual Studio Version 16
VisualStudioVersion = 16.0.32901.82
MinimumVisualStudioVersion = 10.0.40219.1
Project("{9092AA53-FB77-4645-B42D-1CCCA6BD08BD}") = "Map Pool Bot", "Map Pool Bot\Map Pool Bot.njsproj", "{544A2DE6-D71B-4744-8F36-199E6A9924CA}"
EndProject
Global
	GlobalSection(SolutionConfigurationPlatforms) = preSolution
		Debug|Any CPU = Debug|Any CPU
		Release|Any CPU = Release|Any CPU
	EndGlobalSection
	GlobalSection(ProjectConfigurationPlatforms) = postSolution
		{544A2DE6-D71B-4744-8F36-199E6A9924CA}.Debug|Any CPU.ActiveCfg = Release|Any CPU
		{544A2DE6-D71B-4744-8F36-199E6A9924CA}.Debug|Any CPU.Build.0 = Release|Any CPU
		{544A2DE6-D71B-4744-8F36-199E6A9924CA}.Release|Any CPU.ActiveCfg = Release|Any CPU
		{544A2DE6-D71B-4744-8F36-199E6A9924CA}.Release|Any CPU.Build.0 = Release|Any CPU
	EndGlobalSection
	GlobalSection(SolutionProperties) = preSolution
		HideSolutionNode = FALSE
	EndGlobalSection
	GlobalSection(ExtensibilityGlobals) = postSolution
		SolutionGuid = {6F20D714-F2B4-4DF0-9FD5-2E41AF3054F5}
	EndGlobalSection
EndGlobal
